
Microsoft Visual Studio Solution File, Format Version 12.00
# Visual Studio Version 16
VisualStudioVersion = 16.0.30804.86
MinimumVisualStudioVersion = 10.0.40219.1
Project("{FAE04EC0-301F-11D3-BF4B-00C04F79EFBC}") = "TestePraticoWevo", "TestePraticoWevo\TestePraticoWevo.csproj", "{6705575F-F71F-4B62-8D64-0A3C3B97B79E}"
EndProject
Global
	GlobalSection(SolutionConfigurationPlatforms) = preSolution
		Debug|Any CPU = Debug|Any CPU
		Debug|x64 = Debug|x64
		Debug|x86 = Debug|x86
		Release|Any CPU = Release|Any CPU
		Release|x64 = Release|x64
		Release|x86 = Release|x86
	EndGlobalSection
	GlobalSection(ProjectConfigurationPlatforms) = postSolution
		{6705575F-F71F-4B62-8D64-0A3C3B97B79E}.Debug|Any CPU.ActiveCfg = Debug|Any CPU
		{6705575F-F71F-4B62-8D64-0A3C3B97B79E}.Debug|Any CPU.Build.0 = Debug|Any CPU
		{6705575F-F71F-4B62-8D64-0A3C3B97B79E}.Debug|x64.ActiveCfg = Debug|Any CPU
		{6705575F-F71F-4B62-8D64-0A3C3B97B79E}.Debug|x64.Build.0 = Debug|Any CPU
		{6705575F-F71F-4B62-8D64-0A3C3B97B79E}.Debug|x86.ActiveCfg = Debug|Any CPU
		{6705575F-F71F-4B62-8D64-0A3C3B97B79E}.Debug|x86.Build.0 = Debug|Any CPU
		{6705575F-F71F-4B62-8D64-0A3C3B97B79E}.Release|Any CPU.ActiveCfg = Release|Any CPU
		{6705575F-F71F-4B62-8D64-0A3C3B97B79E}.Release|Any CPU.Build.0 = Release|Any CPU
		{6705575F-F71F-4B62-8D64-0A3C3B97B79E}.Release|x64.ActiveCfg = Release|Any CPU
		{6705575F-F71F-4B62-8D64-0A3C3B97B79E}.Release|x64.Build.0 = Release|Any CPU
		{6705575F-F71F-4B62-8D64-0A3C3B97B79E}.Release|x86.ActiveCfg = Release|Any CPU
		{6705575F-F71F-4B62-8D64-0A3C3B97B79E}.Release|x86.Build.0 = Release|Any CPU
	EndGlobalSection
	GlobalSection(SolutionProperties) = preSolution
		HideSolutionNode = FALSE
	EndGlobalSection
	GlobalSection(ExtensibilityGlobals) = postSolution
		SolutionGuid = {8759E3D0-3350-4E48-9630-91D56A140A45}
	EndGlobalSection
EndGlobal
